
Microsoft Visual Studio Solution File, Format Version 12.00
# Visual Studio Version 17
VisualStudioVersion = 17.2.32616.157
MinimumVisualStudioVersion = 10.0.40219.1
Project("{8BC9CEB8-8B4A-11D0-8D11-00A0C91BC942}") = "jaguar", "private\lib\jaguar\jaguar.vcxproj", "{B971B6CD-499B-400A-963F-F2D4C5D5BD66}"
	ProjectSection(ProjectDependencies) = postProject
		{6C548663-DA9F-4A4A-BEC9-58F9D1F45268} = {6C548663-DA9F-4A4A-BEC9-58F9D1F45268}
	EndProjectSection
EndProject
Project("{2150E333-8FDC-42A3-9474-1A3956D46DE8}") = "lib", "lib", "{2C0E1E4B-C9D5-4717-BBEC-3D01FED83ACA}"
EndProject
Project("{2150E333-8FDC-42A3-9474-1A3956D46DE8}") = "example", "example", "{10974478-135A-4192-A4C1-8305E4AC6118}"
EndProject
Project("{8BC9CEB8-8B4A-11D0-8D11-00A0C91BC942}") = "V100_CaptureExtract", "public\examples\V100_CaptureExtract\V100_CaptureExtract.vcxproj", "{7D58F4AD-E70A-4CFF-B787-C4743ADB2AB0}"
	ProjectSection(ProjectDependencies) = postProject
		{6C548663-DA9F-4A4A-BEC9-58F9D1F45268} = {6C548663-DA9F-4A4A-BEC9-58F9D1F45268}
		{B971B6CD-499B-400A-963F-F2D4C5D5BD66} = {B971B6CD-499B-400A-963F-F2D4C5D5BD66}
	EndProjectSection
EndProject
Project("{8BC9CEB8-8B4A-11D0-8D11-00A0C91BC942}") = "V100_CaptureImage", "public\examples\V100_CaptureImage\V100_CaptureImage.vcxproj", "{25323708-C30C-44F6-9DB7-5DD30CA34735}"
	ProjectSection(ProjectDependencies) = postProject
		{6C548663-DA9F-4A4A-BEC9-58F9D1F45268} = {6C548663-DA9F-4A4A-BEC9-58F9D1F45268}
		{B971B6CD-499B-400A-963F-F2D4C5D5BD66} = {B971B6CD-499B-400A-963F-F2D4C5D5BD66}
	EndProjectSection
EndProject
Project("{8BC9CEB8-8B4A-11D0-8D11-00A0C91BC942}") = "V100_EnrollIdentify", "public\examples\V100_EnrollIdentify\V100_EnrollIdentify.vcxproj", "{8D9A9EEB-0EC4-4AB6-B5FA-13DF0B184D84}"
	ProjectSection(ProjectDependencies) = postProject
		{6C548663-DA9F-4A4A-BEC9-58F9D1F45268} = {6C548663-DA9F-4A4A-BEC9-58F9D1F45268}
		{B971B6CD-499B-400A-963F-F2D4C5D5BD66} = {B971B6CD-499B-400A-963F-F2D4C5D5BD66}
	EndProjectSection
EndProject
Project("{8BC9CEB8-8B4A-11D0-8D11-00A0C91BC942}") = "V100_EnrollVerify", "public\examples\V100_EnrollVerify\V100_EnrollVerify.vcxproj", "{70E00E82-84CE-40E6-A344-C7CAA0F3FB51}"
	ProjectSection(ProjectDependencies) = postProject
		{6C548663-DA9F-4A4A-BEC9-58F9D1F45268} = {6C548663-DA9F-4A4A-BEC9-58F9D1F45268}
		{B971B6CD-499B-400A-963F-F2D4C5D5BD66} = {B971B6CD-499B-400A-963F-F2D4C5D5BD66}
	EndProjectSection
EndProject
Project("{8BC9CEB8-8B4A-11D0-8D11-00A0C91BC942}") = "cypher", "private\lib\cypher\cypher.vcxproj", "{6C548663-DA9F-4A4A-BEC9-58F9D1F45268}"
EndProject
Project("{2150E333-8FDC-42A3-9474-1A3956D46DE8}") = "device", "device", "{31481D62-3E0E-437A-919C-6FC4668DBC7E}"
EndProject
Project("{8BC9CEB8-8B4A-11D0-8D11-00A0C91BC942}") = "vse", "private\vse\vse.vcxproj", "{FC2B0DBF-533E-48A8-874A-CDA990FCE2DD}"
EndProject
Global
	GlobalSection(SolutionConfigurationPlatforms) = preSolution
		Analyzer|x64 = Analyzer|x64
		Analyzer|x86 = Analyzer|x86
		Debug|x64 = Debug|x64
		Debug|x86 = Debug|x86
		Release|x64 = Release|x64
		Release|x86 = Release|x86
	EndGlobalSection
	GlobalSection(ProjectConfigurationPlatforms) = postSolution
		{B971B6CD-499B-400A-963F-F2D4C5D5BD66}.Analyzer|x64.ActiveCfg = Analyzer|x64
		{B971B6CD-499B-400A-963F-F2D4C5D5BD66}.Analyzer|x64.Build.0 = Analyzer|x64
		{B971B6CD-499B-400A-963F-F2D4C5D5BD66}.Analyzer|x86.ActiveCfg = Analyzer|Win32
		{B971B6CD-499B-400A-963F-F2D4C5D5BD66}.Analyzer|x86.Build.0 = Analyzer|Win32
		{B971B6CD-499B-400A-963F-F2D4C5D5BD66}.Debug|x64.ActiveCfg = Debug|x64
		{B971B6CD-499B-400A-963F-F2D4C5D5BD66}.Debug|x64.Build.0 = Debug|x64
		{B971B6CD-499B-400A-963F-F2D4C5D5BD66}.Debug|x86.ActiveCfg = Debug|Win32
		{B971B6CD-499B-400A-963F-F2D4C5D5BD66}.Debug|x86.Build.0 = Debug|Win32
		{B971B6CD-499B-400A-963F-F2D4C5D5BD66}.Release|x64.ActiveCfg = Release|x64
		{B971B6CD-499B-400A-963F-F2D4C5D5BD66}.Release|x64.Build.0 = Release|x64
		{B971B6CD-499B-400A-963F-F2D4C5D5BD66}.Release|x86.ActiveCfg = Release|Win32
		{B971B6CD-499B-400A-963F-F2D4C5D5BD66}.Release|x86.Build.0 = Release|Win32
		{7D58F4AD-E70A-4CFF-B787-C4743ADB2AB0}.Analyzer|x64.ActiveCfg = Analyzer|x64
		{7D58F4AD-E70A-4CFF-B787-C4743ADB2AB0}.Analyzer|x64.Build.0 = Analyzer|x64
		{7D58F4AD-E70A-4CFF-B787-C4743ADB2AB0}.Analyzer|x86.ActiveCfg = Analyzer|Win32
		{7D58F4AD-E70A-4CFF-B787-C4743ADB2AB0}.Analyzer|x86.Build.0 = Analyzer|Win32
		{7D58F4AD-E70A-4CFF-B787-C4743ADB2AB0}.Debug|x64.ActiveCfg = Debug|x64
		{7D58F4AD-E70A-4CFF-B787-C4743ADB2AB0}.Debug|x64.Build.0 = Debug|x64
		{7D58F4AD-E70A-4CFF-B787-C4743ADB2AB0}.Debug|x86.ActiveCfg = Debug|Win32
		{7D58F4AD-E70A-4CFF-B787-C4743ADB2AB0}.Debug|x86.Build.0 = Debug|Win32
		{7D58F4AD-E70A-4CFF-B787-C4743ADB2AB0}.Release|x64.ActiveCfg = Release|x64
		{7D58F4AD-E70A-4CFF-B787-C4743ADB2AB0}.Release|x64.Build.0 = Release|x64
		{7D58F4AD-E70A-4CFF-B787-C4743ADB2AB0}.Release|x86.ActiveCfg = Release|Win32
		{7D58F4AD-E70A-4CFF-B787-C4743ADB2AB0}.Release|x86.Build.0 = Release|Win32
		{25323708-C30C-44F6-9DB7-5DD30CA34735}.Analyzer|x64.ActiveCfg = Analyzer|x64
		{25323708-C30C-44F6-9DB7-5DD30CA34735}.Analyzer|x64.Build.0 = Analyzer|x64
		{25323708-C30C-44F6-9DB7-5DD30CA34735}.Analyzer|x86.ActiveCfg = Analyzer|Win32
		{25323708-C30C-44F6-9DB7-5DD30CA34735}.Analyzer|x86.Build.0 = Analyzer|Win32
		{25323708-C30C-44F6-9DB7-5DD30CA34735}.Debug|x64.ActiveCfg = Debug|x64
		{25323708-C30C-44F6-9DB7-5DD30CA34735}.Debug|x64.Build.0 = Debug|x64
		{25323708-C30C-44F6-9DB7-5DD30CA34735}.Debug|x86.ActiveCfg = Debug|Win32
		{25323708-C30C-44F6-9DB7-5DD30CA34735}.Debug|x86.Build.0 = Debug|Win32
		{25323708-C30C-44F6-9DB7-5DD30CA34735}.Release|x64.ActiveCfg = Release|x64
		{25323708-C30C-44F6-9DB7-5DD30CA34735}.Release|x64.Build.0 = Release|x64
		{25323708-C30C-44F6-9DB7-5DD30CA34735}.Release|x86.ActiveCfg = Release|Win32
		{25323708-C30C-44F6-9DB7-5DD30CA34735}.Release|x86.Build.0 = Release|Win32
		{8D9A9EEB-0EC4-4AB6-B5FA-13DF0B184D84}.Analyzer|x64.ActiveCfg = Analyzer|x64
		{8D9A9EEB-0EC4-4AB6-B5FA-13DF0B184D84}.Analyzer|x64.Build.0 = Analyzer|x64
		{8D9A9EEB-0EC4-4AB6-B5FA-13DF0B184D84}.Analyzer|x86.ActiveCfg = Analyzer|Win32
		{8D9A9EEB-0EC4-4AB6-B5FA-13DF0B184D84}.Analyzer|x86.Build.0 = Analyzer|Win32
		{8D9A9EEB-0EC4-4AB6-B5FA-13DF0B184D84}.Debug|x64.ActiveCfg = Debug|x64
		{8D9A9EEB-0EC4-4AB6-B5FA-13DF0B184D84}.Debug|x64.Build.0 = Debug|x64
		{8D9A9EEB-0EC4-4AB6-B5FA-13DF0B184D84}.Debug|x86.ActiveCfg = Debug|Win32
		{8D9A9EEB-0EC4-4AB6-B5FA-13DF0B184D84}.Debug|x86.Build.0 = Debug|Win32
		{8D9A9EEB-0EC4-4AB6-B5FA-13DF0B184D84}.Release|x64.ActiveCfg = Release|x64
		{8D9A9EEB-0EC4-4AB6-B5FA-13DF0B184D84}.Release|x64.Build.0 = Release|x64
		{8D9A9EEB-0EC4-4AB6-B5FA-13DF0B184D84}.Release|x86.ActiveCfg = Release|Win32
		{8D9A9EEB-0EC4-4AB6-B5FA-13DF0B184D84}.Release|x86.Build.0 = Release|Win32
		{70E00E82-84CE-40E6-A344-C7CAA0F3FB51}.Analyzer|x64.ActiveCfg = Analyzer|x64
		{70E00E82-84CE-40E6-A344-C7CAA0F3FB51}.Analyzer|x64.Build.0 = Analyzer|x64
		{70E00E82-84CE-40E6-A344-C7CAA0F3FB51}.Analyzer|x86.ActiveCfg = Analyzer|Win32
		{70E00E82-84CE-40E6-A344-C7CAA0F3FB51}.Analyzer|x86.Build.0 = Analyzer|Win32
		{70E00E82-84CE-40E6-A344-C7CAA0F3FB51}.Debug|x64.ActiveCfg = Debug|x64
		{70E00E82-84CE-40E6-A344-C7CAA0F3FB51}.Debug|x64.Build.0 = Debug|x64
		{70E00E82-84CE-40E6-A344-C7CAA0F3FB51}.Debug|x86.ActiveCfg = Debug|Win32
		{70E00E82-84CE-40E6-A344-C7CAA0F3FB51}.Debug|x86.Build.0 = Debug|Win32
		{70E00E82-84CE-40E6-A344-C7CAA0F3FB51}.Release|x64.ActiveCfg = Release|x64
		{70E00E82-84CE-40E6-A344-C7CAA0F3FB51}.Release|x64.Build.0 = Release|x64
		{70E00E82-84CE-40E6-A344-C7CAA0F3FB51}.Release|x86.ActiveCfg = Release|Win32
		{70E00E82-84CE-40E6-A344-C7CAA0F3FB51}.Release|x86.Build.0 = Release|Win32
		{6C548663-DA9F-4A4A-BEC9-58F9D1F45268}.Analyzer|x64.ActiveCfg = Analyzer|x64
		{6C548663-DA9F-4A4A-BEC9-58F9D1F45268}.Analyzer|x64.Build.0 = Analyzer|x64
		{6C548663-DA9F-4A4A-BEC9-58F9D1F45268}.Analyzer|x86.ActiveCfg = Analyzer|Win32
		{6C548663-DA9F-4A4A-BEC9-58F9D1F45268}.Analyzer|x86.Build.0 = Analyzer|Win32
		{6C548663-DA9F-4A4A-BEC9-58F9D1F45268}.Debug|x64.ActiveCfg = Debug|x64
		{6C548663-DA9F-4A4A-BEC9-58F9D1F45268}.Debug|x64.Build.0 = Debug|x64
		{6C548663-DA9F-4A4A-BEC9-58F9D1F45268}.Debug|x86.ActiveCfg = Debug|Win32
		{6C548663-DA9F-4A4A-BEC9-58F9D1F45268}.Debug|x86.Build.0 = Debug|Win32
		{6C548663-DA9F-4A4A-BEC9-58F9D1F45268}.Release|x64.ActiveCfg = Release|x64
		{6C548663-DA9F-4A4A-BEC9-58F9D1F45268}.Release|x64.Build.0 = Release|x64
		{6C548663-DA9F-4A4A-BEC9-58F9D1F45268}.Release|x86.ActiveCfg = Release|Win32
		{6C548663-DA9F-4A4A-BEC9-58F9D1F45268}.Release|x86.Build.0 = Release|Win32
		{FC2B0DBF-533E-48A8-874A-CDA990FCE2DD}.Analyzer|x64.ActiveCfg = Debug|x64
		{FC2B0DBF-533E-48A8-874A-CDA990FCE2DD}.Analyzer|x64.Build.0 = Debug|x64
		{FC2B0DBF-533E-48A8-874A-CDA990FCE2DD}.Analyzer|x86.ActiveCfg = Debug|Win32
		{FC2B0DBF-533E-48A8-874A-CDA990FCE2DD}.Analyzer|x86.Build.0 = Debug|Win32
		{FC2B0DBF-533E-48A8-874A-CDA990FCE2DD}.Debug|x64.ActiveCfg = Debug|x64
		{FC2B0DBF-533E-48A8-874A-CDA990FCE2DD}.Debug|x64.Build.0 = Debug|x64
		{FC2B0DBF-533E-48A8-874A-CDA990FCE2DD}.Debug|x86.ActiveCfg = Debug|Win32
		{FC2B0DBF-533E-48A8-874A-CDA990FCE2DD}.Debug|x86.Build.0 = Debug|Win32
		{FC2B0DBF-533E-48A8-874A-CDA990FCE2DD}.Release|x64.ActiveCfg = Release|x64
		{FC2B0DBF-533E-48A8-874A-CDA990FCE2DD}.Release|x64.Build.0 = Release|x64
		{FC2B0DBF-533E-48A8-874A-CDA990FCE2DD}.Release|x86.ActiveCfg = Release|Win32
		{FC2B0DBF-533E-48A8-874A-CDA990FCE2DD}.Release|x86.Build.0 = Release|Win32
	EndGlobalSection
	GlobalSection(SolutionProperties) = preSolution
		HideSolutionNode = FALSE
	EndGlobalSection
	GlobalSection(NestedProjects) = preSolution
		{B971B6CD-499B-400A-963F-F2D4C5D5BD66} = {2C0E1E4B-C9D5-4717-BBEC-3D01FED83ACA}
		{7D58F4AD-E70A-4CFF-B787-C4743ADB2AB0} = {10974478-135A-4192-A4C1-8305E4AC6118}
		{25323708-C30C-44F6-9DB7-5DD30CA34735} = {10974478-135A-4192-A4C1-8305E4AC6118}
		{8D9A9EEB-0EC4-4AB6-B5FA-13DF0B184D84} = {10974478-135A-4192-A4C1-8305E4AC6118}
		{70E00E82-84CE-40E6-A344-C7CAA0F3FB51} = {10974478-135A-4192-A4C1-8305E4AC6118}
		{6C548663-DA9F-4A4A-BEC9-58F9D1F45268} = {2C0E1E4B-C9D5-4717-BBEC-3D01FED83ACA}
		{FC2B0DBF-533E-48A8-874A-CDA990FCE2DD} = {31481D62-3E0E-437A-919C-6FC4668DBC7E}
	EndGlobalSection
	GlobalSection(ExtensibilityGlobals) = postSolution
		SolutionGuid = {6004226A-7F69-4302-8AF7-0078645CAB71}
	EndGlobalSection
EndGlobal
