
Microsoft Visual Studio Solution File, Format Version 12.00
# Visual Studio Version 17
VisualStudioVersion = 17.2.32616.157
MinimumVisualStudioVersion = 10.0.40219.1
Project("{8BC9CEB8-8B4A-11D0-8D11-00A0C91BC942}") = "usb_transceiver_3", "usb_transceiver_3\usb_transceiver_3.vcxproj", "{BCC1690E-5FE1-4214-9EC4-CFA281DEE541}"
EndProject
Global
	GlobalSection(SolutionConfigurationPlatforms) = preSolution
		Debug|x64 = Debug|x64
		Debug|x86 = Debug|x86
		Release|x64 = Release|x64
		Release|x86 = Release|x86
	EndGlobalSection
	GlobalSection(ProjectConfigurationPlatforms) = postSolution
		{BCC1690E-5FE1-4214-9EC4-CFA281DEE541}.Debug|x64.ActiveCfg = Debug|x64
		{BCC1690E-5FE1-4214-9EC4-CFA281DEE541}.Debug|x64.Build.0 = Debug|x64
		{BCC1690E-5FE1-4214-9EC4-CFA281DEE541}.Debug|x86.ActiveCfg = Debug|Win32
		{BCC1690E-5FE1-4214-9EC4-CFA281DEE541}.Debug|x86.Build.0 = Debug|Win32
		{BCC1690E-5FE1-4214-9EC4-CFA281DEE541}.Release|x64.ActiveCfg = Release|x64
		{BCC1690E-5FE1-4214-9EC4-CFA281DEE541}.Release|x64.Build.0 = Release|x64
		{BCC1690E-5FE1-4214-9EC4-CFA281DEE541}.Release|x86.ActiveCfg = Release|Win32
		{BCC1690E-5FE1-4214-9EC4-CFA281DEE541}.Release|x86.Build.0 = Release|Win32
	EndGlobalSection
	GlobalSection(SolutionProperties) = preSolution
		HideSolutionNode = FALSE
	EndGlobalSection
	GlobalSection(ExtensibilityGlobals) = postSolution
		SolutionGuid = {D7E1CA9B-2356-457D-9CE0-F752B4F760A5}
	EndGlobalSection
EndGlobal
