<?xml version="1.0" encoding="utf-8"?>
<Project ToolsVersion="4.0" xmlns="http://schemas.microsoft.com/developer/msbuild/2003">
  <ItemGroup>
    <Filter Include="Source Files">
      <UniqueIdentifier>{4FC737F1-C7A5-4376-A066-2A32D752A2FF}</UniqueIdentifier>
      <Extensions>cpp;c;cc;cxx;c++;cppm;ixx;def;odl;idl;hpj;bat;asm;asmx</Extensions>
    </Filter>
    <Filter Include="Lib">
      <UniqueIdentifier>{1cfbef85-7e32-407d-b908-b843b013aee1}</UniqueIdentifier>
    </Filter>
    <Filter Include="Lib\Debug">
      <UniqueIdentifier>{05268512-01af-48ed-851d-18c4759a3ec3}</UniqueIdentifier>
    </Filter>
    <Filter Include="Lib\Release">
      <UniqueIdentifier>{c03f9a01-f0f5-4490-9970-94f39eb39348}</UniqueIdentifier>
    </Filter>
  </ItemGroup>
  <ItemGroup>
    <ClCompile Include="FwUpdate.cpp">
      <Filter>Source Files</Filter>
    </ClCompile>
  </ItemGroup>
  <ItemGroup>
    <Library Include="..\_out\Debug\ICypher.lib">
      <Filter>Lib\Debug</Filter>
    </Library>
    <Library Include="..\_out\Debug\V100_SDK.lib">
      <Filter>Lib\Debug</Filter>
    </Library>
    <Library Include="..\_out\Debug\VCOMCrypto.lib">
      <Filter>Lib\Debug</Filter>
    </Library>
    <Library Include="..\_out\Release\VCOMCrypto.lib">
      <Filter>Lib\Release</Filter>
    </Library>
    <Library Include="..\_out\Release\ICypher.lib">
      <Filter>Lib\Release</Filter>
    </Library>
    <Library Include="..\_out\Release\V100_SDK.lib">
      <Filter>Lib\Release</Filter>
    </Library>
  </ItemGroup>
</Project>