<?xml version="1.0" encoding="utf-8"?>
<Project ToolsVersion="4.0" xmlns="http://schemas.microsoft.com/developer/msbuild/2003">
  <ItemGroup>
    <Filter Include="0. API">
      <UniqueIdentifier>{d760c8ed-072d-45a7-bea4-d2d5a7d7d8a1}</UniqueIdentifier>
    </Filter>
    <Filter Include="1. Common">
      <UniqueIdentifier>{3cb5ae10-6120-4cc6-a86c-de30d7dd9064}</UniqueIdentifier>
    </Filter>
    <Filter Include="2. Command Handlers">
      <UniqueIdentifier>{f58821f6-013f-4c3f-86f6-ff52b49f2ba1}</UniqueIdentifier>
    </Filter>
    <Filter Include="3. Transport">
      <UniqueIdentifier>{1b4c7531-525d-45c0-b92c-274648e9e0d6}</UniqueIdentifier>
    </Filter>
    <Filter Include="4. Device Handlers">
      <UniqueIdentifier>{967056ba-5c94-472e-85b3-30edf806b88a}</UniqueIdentifier>
    </Filter>
    <Filter Include="0. API\Header Files">
      <UniqueIdentifier>{06fc2387-8f5a-43fb-bc24-8b554301918e}</UniqueIdentifier>
      <Extensions>.h</Extensions>
    </Filter>
    <Filter Include="0. API\Source Files">
      <UniqueIdentifier>{21e7442b-410c-43d0-8754-6f911b384301}</UniqueIdentifier>
    </Filter>
    <Filter Include="1. Common\Header Files">
      <UniqueIdentifier>{59ac4114-b178-485a-956d-818788adbd73}</UniqueIdentifier>
    </Filter>
    <Filter Include="2. Command Handlers\Header Files">
      <UniqueIdentifier>{6e33f21f-a5ac-4a1e-a2a9-e3961120f1dc}</UniqueIdentifier>
    </Filter>
    <Filter Include="2. Command Handlers\Source Files">
      <UniqueIdentifier>{198bd386-b46f-408f-90e6-d61379d0da95}</UniqueIdentifier>
    </Filter>
    <Filter Include="3. Transport\Header Files">
      <UniqueIdentifier>{b34ebe8f-9ceb-4934-b8e2-7d100d1a12c4}</UniqueIdentifier>
    </Filter>
    <Filter Include="3. Transport\Source Files">
      <UniqueIdentifier>{ba5af358-ad2e-4375-9722-f51c546d0099}</UniqueIdentifier>
    </Filter>
    <Filter Include="4. Device Handlers\Header Files">
      <UniqueIdentifier>{9c125a21-6d2c-4217-90dc-55bc36b24104}</UniqueIdentifier>
    </Filter>
    <Filter Include="4. Device Handlers\Source Files">
      <UniqueIdentifier>{aadacf87-a81f-494a-a084-028417f8432d}</UniqueIdentifier>
    </Filter>
  </ItemGroup>
  <ItemGroup>
    <ClInclude Include="include\IMemMgr.h">
      <Filter>1. Common\Header Files</Filter>
    </ClInclude>
    <ClInclude Include="include\lumi_inttypes.h">
      <Filter>1. Common\Header Files</Filter>
    </ClInclude>
    <ClInclude Include="include\lumi_stdint.h">
      <Filter>1. Common\Header Files</Filter>
    </ClInclude>
    <ClInclude Include="include\stdafx.h">
      <Filter>1. Common\Header Files</Filter>
    </ClInclude>
    <ClInclude Include="include\ICmd.h">
      <Filter>2. Command Handlers\Header Files</Filter>
    </ClInclude>
    <ClInclude Include="include\IEncCmd.h">
      <Filter>2. Command Handlers\Header Files</Filter>
    </ClInclude>
    <ClInclude Include="include\V100Cmd.h">
      <Filter>2. Command Handlers\Header Files</Filter>
    </ClInclude>
    <ClInclude Include="include\V100CommandHandler.h">
      <Filter>2. Command Handlers\Header Files</Filter>
    </ClInclude>
    <ClInclude Include="include\V100EncCmd.h">
      <Filter>2. Command Handlers\Header Files</Filter>
    </ClInclude>
    <ClInclude Include="include\ITransport.h">
      <Filter>3. Transport\Header Files</Filter>
    </ClInclude>
    <ClInclude Include="include\TransportUSB.h">
      <Filter>3. Transport\Header Files</Filter>
    </ClInclude>
    <ClInclude Include="include\Device.h">
      <Filter>4. Device Handlers\Header Files</Filter>
    </ClInclude>
    <ClInclude Include="include\ldiguid.h">
      <Filter>4. Device Handlers\Header Files</Filter>
    </ClInclude>
    <ClInclude Include="include\LDSNamedPipe.h">
      <Filter>4. Device Handlers\Header Files</Filter>
    </ClInclude>
    <ClInclude Include="include\LumiDeviceServiceCommands.h">
      <Filter>4. Device Handlers\Header Files</Filter>
    </ClInclude>
    <ClInclude Include="include\LumiServiceTypes.h">
      <Filter>4. Device Handlers\Header Files</Filter>
    </ClInclude>
    <ClInclude Include="include\usbcmdset.h">
      <Filter>4. Device Handlers\Header Files</Filter>
    </ClInclude>
    <ClInclude Include="include\usbdriver.h">
      <Filter>4. Device Handlers\Header Files</Filter>
    </ClInclude>
    <ClInclude Include="include\V100DeviceHandler.h">
      <Filter>4. Device Handlers\Header Files</Filter>
    </ClInclude>
    <ClInclude Include="include\EncTypes.h">
      <Filter>0. API\Header Files</Filter>
    </ClInclude>
    <ClInclude Include="include\V100_enc_types.h">
      <Filter>0. API\Header Files</Filter>
    </ClInclude>
    <ClInclude Include="include\V100_shared_types.h">
      <Filter>0. API\Header Files</Filter>
    </ClInclude>
    <ClInclude Include="include\VCOMBase.h">
      <Filter>0. API\Header Files</Filter>
    </ClInclude>
  </ItemGroup>
  <ItemGroup>
    <ClCompile Include="src\CommandHandler.cpp">
      <Filter>2. Command Handlers\Source Files</Filter>
    </ClCompile>
    <ClCompile Include="src\ICmd.cpp">
      <Filter>2. Command Handlers\Source Files</Filter>
    </ClCompile>
    <ClCompile Include="src\IEncCmd.cpp">
      <Filter>2. Command Handlers\Source Files</Filter>
    </ClCompile>
    <ClCompile Include="src\V100Cmd.cpp">
      <Filter>2. Command Handlers\Source Files</Filter>
    </ClCompile>
    <ClCompile Include="src\V100CommandHandler.cpp">
      <Filter>2. Command Handlers\Source Files</Filter>
    </ClCompile>
    <ClCompile Include="src\V100EncCmd.cpp">
      <Filter>2. Command Handlers\Source Files</Filter>
    </ClCompile>
    <ClCompile Include="src\TransportUSB.cpp">
      <Filter>3. Transport\Source Files</Filter>
    </ClCompile>
    <ClCompile Include="src\Device.cpp">
      <Filter>4. Device Handlers\Source Files</Filter>
    </ClCompile>
    <ClCompile Include="src\LDSNamedPipe.cpp">
      <Filter>4. Device Handlers\Source Files</Filter>
    </ClCompile>
    <ClCompile Include="src\usbdriver.cpp">
      <Filter>4. Device Handlers\Source Files</Filter>
    </ClCompile>
    <ClCompile Include="src\V100DeviceHandler.cpp">
      <Filter>4. Device Handlers\Source Files</Filter>
    </ClCompile>
    <ClCompile Include="src\VCOMBase.cpp">
      <Filter>0. API\Source Files</Filter>
    </ClCompile>
  </ItemGroup>
</Project>