
Microsoft Visual Studio Solution File, Format Version 12.00
# Visual Studio Version 17
VisualStudioVersion = 17.1.32228.430
MinimumVisualStudioVersion = 10.0.40219.1
Project("{8BC9CEB8-8B4A-11D0-8D11-00A0C91BC942}") = "VCOMCrypto", "VCOMCrypto\VCOMCrypto.vcxproj", "{88716FA8-BEE3-4363-96BC-D9C2C7F42476}"
	ProjectSection(ProjectDependencies) = postProject
		{1D575E88-0B90-4537-8894-83F19C12CD04} = {1D575E88-0B90-4537-8894-83F19C12CD04}
	EndProjectSection
EndProject
Project("{8BC9CEB8-8B4A-11D0-8D11-00A0C91BC942}") = "ICypher", "ICypher\Build\ICypher.vcxproj", "{1D575E88-0B90-4537-8894-83F19C12CD04}"
EndProject
Project("{8BC9CEB8-8B4A-11D0-8D11-00A0C91BC942}") = "CP100_ProvisionUtility", "CP100_ProvisionUtility\CP100_ProvisionUtility.vcxproj", "{C1F7F7B8-1AC0-4AD9-A552-84C8A4D7375E}"
	ProjectSection(ProjectDependencies) = postProject
		{1D575E88-0B90-4537-8894-83F19C12CD04} = {1D575E88-0B90-4537-8894-83F19C12CD04}
		{88716FA8-BEE3-4363-96BC-D9C2C7F42476} = {88716FA8-BEE3-4363-96BC-D9C2C7F42476}
		{F9B233FD-0369-43D6-81ED-88B41EEF0A7C} = {F9B233FD-0369-43D6-81ED-88B41EEF0A7C}
	EndProjectSection
EndProject
Project("{8BC9CEB8-8B4A-11D0-8D11-00A0C91BC942}") = "CP100_JaguarUtility", "CP100_JaguarUtility\CP100_JaguarUtility.vcxproj", "{0EB844DD-C463-430F-AC9E-FA0A6F0F6C21}"
	ProjectSection(ProjectDependencies) = postProject
		{1D575E88-0B90-4537-8894-83F19C12CD04} = {1D575E88-0B90-4537-8894-83F19C12CD04}
		{88716FA8-BEE3-4363-96BC-D9C2C7F42476} = {88716FA8-BEE3-4363-96BC-D9C2C7F42476}
		{F9B233FD-0369-43D6-81ED-88B41EEF0A7C} = {F9B233FD-0369-43D6-81ED-88B41EEF0A7C}
	EndProjectSection
EndProject
Project("{8BC9CEB8-8B4A-11D0-8D11-00A0C91BC942}") = "V100_CaptureImage", "V100_CaptureImage\V100_CaptureImage.vcxproj", "{93193AE4-B33F-4CFF-B77A-D77ECDE24BA7}"
	ProjectSection(ProjectDependencies) = postProject
		{1D575E88-0B90-4537-8894-83F19C12CD04} = {1D575E88-0B90-4537-8894-83F19C12CD04}
		{88716FA8-BEE3-4363-96BC-D9C2C7F42476} = {88716FA8-BEE3-4363-96BC-D9C2C7F42476}
		{F9B233FD-0369-43D6-81ED-88B41EEF0A7C} = {F9B233FD-0369-43D6-81ED-88B41EEF0A7C}
	EndProjectSection
EndProject
Project("{2150E333-8FDC-42A3-9474-1A3956D46DE8}") = "Image Samples", "Image Samples", "{CC4D79D3-B7FE-4137-96AC-846C87E75A80}"
EndProject
Project("{8BC9CEB8-8B4A-11D0-8D11-00A0C91BC942}") = "V100_EnrollIdentify", "V100_EnrollIdentify\V100_EnrollIdentify.vcxproj", "{7143A7EC-7033-4A4A-88C3-BC4D506FAC47}"
	ProjectSection(ProjectDependencies) = postProject
		{1D575E88-0B90-4537-8894-83F19C12CD04} = {1D575E88-0B90-4537-8894-83F19C12CD04}
		{88716FA8-BEE3-4363-96BC-D9C2C7F42476} = {88716FA8-BEE3-4363-96BC-D9C2C7F42476}
		{F9B233FD-0369-43D6-81ED-88B41EEF0A7C} = {F9B233FD-0369-43D6-81ED-88B41EEF0A7C}
	EndProjectSection
EndProject
Project("{8BC9CEB8-8B4A-11D0-8D11-00A0C91BC942}") = "V100_EnrollVerify", "V100_EnrollVerify\V100_EnrollVerify.vcxproj", "{D500BED4-82E2-4350-A22D-7A162CD1360F}"
	ProjectSection(ProjectDependencies) = postProject
		{1D575E88-0B90-4537-8894-83F19C12CD04} = {1D575E88-0B90-4537-8894-83F19C12CD04}
		{88716FA8-BEE3-4363-96BC-D9C2C7F42476} = {88716FA8-BEE3-4363-96BC-D9C2C7F42476}
		{F9B233FD-0369-43D6-81ED-88B41EEF0A7C} = {F9B233FD-0369-43D6-81ED-88B41EEF0A7C}
	EndProjectSection
EndProject
Project("{2150E333-8FDC-42A3-9474-1A3956D46DE8}") = "Crypto Samples", "Crypto Samples", "{116FC427-9CC5-4C39-9586-285705F69A66}"
EndProject
Project("{2150E333-8FDC-42A3-9474-1A3956D46DE8}") = "Library", "Library", "{8839D3E2-30B8-4AF5-9E1D-1D71FA0F333D}"
EndProject
Project("{8BC9CEB8-8B4A-11D0-8D11-00A0C91BC942}") = "V100_SDK", "V100_SDK\V100_SDK.vcxproj", "{F9B233FD-0369-43D6-81ED-88B41EEF0A7C}"
EndProject
Project("{8BC9CEB8-8B4A-11D0-8D11-00A0C91BC942}") = "FwUpdate", "FwUpdate\FwUpdate.vcxproj", "{51516218-4D01-416A-97BE-A89A949023E6}"
	ProjectSection(ProjectDependencies) = postProject
		{1D575E88-0B90-4537-8894-83F19C12CD04} = {1D575E88-0B90-4537-8894-83F19C12CD04}
		{88716FA8-BEE3-4363-96BC-D9C2C7F42476} = {88716FA8-BEE3-4363-96BC-D9C2C7F42476}
		{F9B233FD-0369-43D6-81ED-88B41EEF0A7C} = {F9B233FD-0369-43D6-81ED-88B41EEF0A7C}
	EndProjectSection
EndProject
Project("{8BC9CEB8-8B4A-11D0-8D11-00A0C91BC942}") = "V100_CaptureExtract", "V100_CaptureExtract\V100_CaptureExtract.vcxproj", "{78A3D530-6751-4FF5-A29A-392EC28463D0}"
	ProjectSection(ProjectDependencies) = postProject
		{1D575E88-0B90-4537-8894-83F19C12CD04} = {1D575E88-0B90-4537-8894-83F19C12CD04}
		{88716FA8-BEE3-4363-96BC-D9C2C7F42476} = {88716FA8-BEE3-4363-96BC-D9C2C7F42476}
		{F9B233FD-0369-43D6-81ED-88B41EEF0A7C} = {F9B233FD-0369-43D6-81ED-88B41EEF0A7C}
	EndProjectSection
EndProject
Global
	GlobalSection(SolutionConfigurationPlatforms) = preSolution
		Debug|x64 = Debug|x64
		Debug|x86 = Debug|x86
		Release|x64 = Release|x64
		Release|x86 = Release|x86
	EndGlobalSection
	GlobalSection(ProjectConfigurationPlatforms) = postSolution
		{88716FA8-BEE3-4363-96BC-D9C2C7F42476}.Debug|x64.ActiveCfg = Debug|x64
		{88716FA8-BEE3-4363-96BC-D9C2C7F42476}.Debug|x64.Build.0 = Debug|x64
		{88716FA8-BEE3-4363-96BC-D9C2C7F42476}.Debug|x86.ActiveCfg = Debug|x64
		{88716FA8-BEE3-4363-96BC-D9C2C7F42476}.Debug|x86.Build.0 = Debug|x64
		{88716FA8-BEE3-4363-96BC-D9C2C7F42476}.Release|x64.ActiveCfg = Release|x64
		{88716FA8-BEE3-4363-96BC-D9C2C7F42476}.Release|x64.Build.0 = Release|x64
		{88716FA8-BEE3-4363-96BC-D9C2C7F42476}.Release|x86.ActiveCfg = Release|x64
		{88716FA8-BEE3-4363-96BC-D9C2C7F42476}.Release|x86.Build.0 = Release|x64
		{1D575E88-0B90-4537-8894-83F19C12CD04}.Debug|x64.ActiveCfg = Debug|x64
		{1D575E88-0B90-4537-8894-83F19C12CD04}.Debug|x64.Build.0 = Debug|x64
		{1D575E88-0B90-4537-8894-83F19C12CD04}.Debug|x86.ActiveCfg = Debug|x64
		{1D575E88-0B90-4537-8894-83F19C12CD04}.Debug|x86.Build.0 = Debug|x64
		{1D575E88-0B90-4537-8894-83F19C12CD04}.Release|x64.ActiveCfg = Release|x64
		{1D575E88-0B90-4537-8894-83F19C12CD04}.Release|x64.Build.0 = Release|x64
		{1D575E88-0B90-4537-8894-83F19C12CD04}.Release|x86.ActiveCfg = Release|x64
		{1D575E88-0B90-4537-8894-83F19C12CD04}.Release|x86.Build.0 = Release|x64
		{C1F7F7B8-1AC0-4AD9-A552-84C8A4D7375E}.Debug|x64.ActiveCfg = Debug|x64
		{C1F7F7B8-1AC0-4AD9-A552-84C8A4D7375E}.Debug|x64.Build.0 = Debug|x64
		{C1F7F7B8-1AC0-4AD9-A552-84C8A4D7375E}.Debug|x86.ActiveCfg = Debug|x64
		{C1F7F7B8-1AC0-4AD9-A552-84C8A4D7375E}.Debug|x86.Build.0 = Debug|x64
		{C1F7F7B8-1AC0-4AD9-A552-84C8A4D7375E}.Release|x64.ActiveCfg = Release|x64
		{C1F7F7B8-1AC0-4AD9-A552-84C8A4D7375E}.Release|x64.Build.0 = Release|x64
		{C1F7F7B8-1AC0-4AD9-A552-84C8A4D7375E}.Release|x86.ActiveCfg = Release|x64
		{C1F7F7B8-1AC0-4AD9-A552-84C8A4D7375E}.Release|x86.Build.0 = Release|x64
		{0EB844DD-C463-430F-AC9E-FA0A6F0F6C21}.Debug|x64.ActiveCfg = Debug|x64
		{0EB844DD-C463-430F-AC9E-FA0A6F0F6C21}.Debug|x64.Build.0 = Debug|x64
		{0EB844DD-C463-430F-AC9E-FA0A6F0F6C21}.Debug|x86.ActiveCfg = Debug|x64
		{0EB844DD-C463-430F-AC9E-FA0A6F0F6C21}.Debug|x86.Build.0 = Debug|x64
		{0EB844DD-C463-430F-AC9E-FA0A6F0F6C21}.Release|x64.ActiveCfg = Release|x64
		{0EB844DD-C463-430F-AC9E-FA0A6F0F6C21}.Release|x64.Build.0 = Release|x64
		{0EB844DD-C463-430F-AC9E-FA0A6F0F6C21}.Release|x86.ActiveCfg = Release|x64
		{0EB844DD-C463-430F-AC9E-FA0A6F0F6C21}.Release|x86.Build.0 = Release|x64
		{93193AE4-B33F-4CFF-B77A-D77ECDE24BA7}.Debug|x64.ActiveCfg = Debug|x64
		{93193AE4-B33F-4CFF-B77A-D77ECDE24BA7}.Debug|x64.Build.0 = Debug|x64
		{93193AE4-B33F-4CFF-B77A-D77ECDE24BA7}.Debug|x86.ActiveCfg = Debug|x64
		{93193AE4-B33F-4CFF-B77A-D77ECDE24BA7}.Debug|x86.Build.0 = Debug|x64
		{93193AE4-B33F-4CFF-B77A-D77ECDE24BA7}.Release|x64.ActiveCfg = Release|x64
		{93193AE4-B33F-4CFF-B77A-D77ECDE24BA7}.Release|x64.Build.0 = Release|x64
		{93193AE4-B33F-4CFF-B77A-D77ECDE24BA7}.Release|x86.ActiveCfg = Release|x64
		{93193AE4-B33F-4CFF-B77A-D77ECDE24BA7}.Release|x86.Build.0 = Release|x64
		{7143A7EC-7033-4A4A-88C3-BC4D506FAC47}.Debug|x64.ActiveCfg = Debug|x64
		{7143A7EC-7033-4A4A-88C3-BC4D506FAC47}.Debug|x64.Build.0 = Debug|x64
		{7143A7EC-7033-4A4A-88C3-BC4D506FAC47}.Debug|x86.ActiveCfg = Debug|x64
		{7143A7EC-7033-4A4A-88C3-BC4D506FAC47}.Debug|x86.Build.0 = Debug|x64
		{7143A7EC-7033-4A4A-88C3-BC4D506FAC47}.Release|x64.ActiveCfg = Release|x64
		{7143A7EC-7033-4A4A-88C3-BC4D506FAC47}.Release|x64.Build.0 = Release|x64
		{7143A7EC-7033-4A4A-88C3-BC4D506FAC47}.Release|x86.ActiveCfg = Release|x64
		{7143A7EC-7033-4A4A-88C3-BC4D506FAC47}.Release|x86.Build.0 = Release|x64
		{D500BED4-82E2-4350-A22D-7A162CD1360F}.Debug|x64.ActiveCfg = Debug|x64
		{D500BED4-82E2-4350-A22D-7A162CD1360F}.Debug|x64.Build.0 = Debug|x64
		{D500BED4-82E2-4350-A22D-7A162CD1360F}.Debug|x86.ActiveCfg = Debug|x64
		{D500BED4-82E2-4350-A22D-7A162CD1360F}.Debug|x86.Build.0 = Debug|x64
		{D500BED4-82E2-4350-A22D-7A162CD1360F}.Release|x64.ActiveCfg = Release|x64
		{D500BED4-82E2-4350-A22D-7A162CD1360F}.Release|x64.Build.0 = Release|x64
		{D500BED4-82E2-4350-A22D-7A162CD1360F}.Release|x86.ActiveCfg = Release|x64
		{D500BED4-82E2-4350-A22D-7A162CD1360F}.Release|x86.Build.0 = Release|x64
		{F9B233FD-0369-43D6-81ED-88B41EEF0A7C}.Debug|x64.ActiveCfg = Debug|x64
		{F9B233FD-0369-43D6-81ED-88B41EEF0A7C}.Debug|x64.Build.0 = Debug|x64
		{F9B233FD-0369-43D6-81ED-88B41EEF0A7C}.Debug|x86.ActiveCfg = Debug|x64
		{F9B233FD-0369-43D6-81ED-88B41EEF0A7C}.Debug|x86.Build.0 = Debug|x64
		{F9B233FD-0369-43D6-81ED-88B41EEF0A7C}.Release|x64.ActiveCfg = Release|x64
		{F9B233FD-0369-43D6-81ED-88B41EEF0A7C}.Release|x64.Build.0 = Release|x64
		{F9B233FD-0369-43D6-81ED-88B41EEF0A7C}.Release|x86.ActiveCfg = Release|x64
		{F9B233FD-0369-43D6-81ED-88B41EEF0A7C}.Release|x86.Build.0 = Release|x64
		{51516218-4D01-416A-97BE-A89A949023E6}.Debug|x64.ActiveCfg = Debug|x64
		{51516218-4D01-416A-97BE-A89A949023E6}.Debug|x64.Build.0 = Debug|x64
		{51516218-4D01-416A-97BE-A89A949023E6}.Debug|x86.ActiveCfg = Debug|Win32
		{51516218-4D01-416A-97BE-A89A949023E6}.Debug|x86.Build.0 = Debug|Win32
		{51516218-4D01-416A-97BE-A89A949023E6}.Release|x64.ActiveCfg = Release|x64
		{51516218-4D01-416A-97BE-A89A949023E6}.Release|x64.Build.0 = Release|x64
		{51516218-4D01-416A-97BE-A89A949023E6}.Release|x86.ActiveCfg = Release|Win32
		{51516218-4D01-416A-97BE-A89A949023E6}.Release|x86.Build.0 = Release|Win32
		{78A3D530-6751-4FF5-A29A-392EC28463D0}.Debug|x64.ActiveCfg = Debug|x64
		{78A3D530-6751-4FF5-A29A-392EC28463D0}.Debug|x64.Build.0 = Debug|x64
		{78A3D530-6751-4FF5-A29A-392EC28463D0}.Debug|x86.ActiveCfg = Debug|x64
		{78A3D530-6751-4FF5-A29A-392EC28463D0}.Debug|x86.Build.0 = Debug|x64
		{78A3D530-6751-4FF5-A29A-392EC28463D0}.Release|x64.ActiveCfg = Release|x64
		{78A3D530-6751-4FF5-A29A-392EC28463D0}.Release|x64.Build.0 = Release|x64
		{78A3D530-6751-4FF5-A29A-392EC28463D0}.Release|x86.ActiveCfg = Release|x64
		{78A3D530-6751-4FF5-A29A-392EC28463D0}.Release|x86.Build.0 = Release|x64
	EndGlobalSection
	GlobalSection(SolutionProperties) = preSolution
		HideSolutionNode = FALSE
	EndGlobalSection
	GlobalSection(NestedProjects) = preSolution
		{88716FA8-BEE3-4363-96BC-D9C2C7F42476} = {8839D3E2-30B8-4AF5-9E1D-1D71FA0F333D}
		{1D575E88-0B90-4537-8894-83F19C12CD04} = {8839D3E2-30B8-4AF5-9E1D-1D71FA0F333D}
		{C1F7F7B8-1AC0-4AD9-A552-84C8A4D7375E} = {116FC427-9CC5-4C39-9586-285705F69A66}
		{0EB844DD-C463-430F-AC9E-FA0A6F0F6C21} = {116FC427-9CC5-4C39-9586-285705F69A66}
		{93193AE4-B33F-4CFF-B77A-D77ECDE24BA7} = {CC4D79D3-B7FE-4137-96AC-846C87E75A80}
		{7143A7EC-7033-4A4A-88C3-BC4D506FAC47} = {CC4D79D3-B7FE-4137-96AC-846C87E75A80}
		{D500BED4-82E2-4350-A22D-7A162CD1360F} = {CC4D79D3-B7FE-4137-96AC-846C87E75A80}
		{F9B233FD-0369-43D6-81ED-88B41EEF0A7C} = {8839D3E2-30B8-4AF5-9E1D-1D71FA0F333D}
		{78A3D530-6751-4FF5-A29A-392EC28463D0} = {CC4D79D3-B7FE-4137-96AC-846C87E75A80}
	EndGlobalSection
	GlobalSection(ExtensibilityGlobals) = postSolution
		SolutionGuid = {CD868B84-4001-4564-AE33-4F8DD4EE28C3}
	EndGlobalSection
EndGlobal
